{
  "name": "json2crud",
  "version": "0.1.4",
  "lockfileVersion": 1,
  "requires": true,
  "dependencies": {
    "angular-ng-autocomplete": {
      "version": "2.0.4",
      "resolved": "https://registry.npmjs.org/angular-ng-autocomplete/-/angular-ng-autocomplete-2.0.4.tgz",
      "integrity": "sha512-yueENeTj1cqPp/9Yf8d8BbRfqKyB9jcAKPlXL0gFN0Lp6bkLCStsIF5LAuOe17ubd8yTbFlexNqVWb7oI7XsRg=="
    }
  }
}
